
Microsoft Visual Studio Solution File, Format Version 12.00
# Visual Studio Version 17
VisualStudioVersion = 17.5.33516.290
MinimumVisualStudioVersion = 10.0.40219.1
Project("{FAE04EC0-301F-11D3-BF4B-00C04F79EFBC}") = "WebFormAPI", "WebFormAPI\WebFormAPI.csproj", "{A8EAEB73-27FB-44B5-B823-6D4867001322}"
EndProject
Global
	GlobalSection(SolutionConfigurationPlatforms) = preSolution
		Debug|Any CPU = Debug|Any CPU
		Release|Any CPU = Release|Any CPU
	EndGlobalSection
	GlobalSection(ProjectConfigurationPlatforms) = postSolution
		{A8EAEB73-27FB-44B5-B823-6D4867001322}.Debug|Any CPU.ActiveCfg = Debug|Any CPU
		{A8EAEB73-27FB-44B5-B823-6D4867001322}.Debug|Any CPU.Build.0 = Debug|Any CPU
		{A8EAEB73-27FB-44B5-B823-6D4867001322}.Release|Any CPU.ActiveCfg = Release|Any CPU
		{A8EAEB73-27FB-44B5-B823-6D4867001322}.Release|Any CPU.Build.0 = Release|Any CPU
	EndGlobalSection
	GlobalSection(SolutionProperties) = preSolution
		HideSolutionNode = FALSE
	EndGlobalSection
	GlobalSection(ExtensibilityGlobals) = postSolution
		SolutionGuid = {BC95F244-251A-451F-AC87-6D21F1D26F84}
	EndGlobalSection
EndGlobal
